// !$*UTF8*$!
{
	archiveVersion = 1;
	classes = {
	};
	objectVersion = 56;
	objects = {

/* Begin PBXBuildFile section */
		02BE948D2B0BE2D800825B3F /* afarApp.swift in Sources */ = {isa = PBXBuildFile; fileRef = 02BE948C2B0BE2D800825B3F /* afarApp.swift */; };
		02BE948F2B0BE2D800825B3F /* ContentView.swift in Sources */ = {isa = PBXBuildFile; fileRef = 02BE948E2B0BE2D800825B3F /* ContentView.swift */; };
		02BE94912B0BE2DF00825B3F /* Assets.xcassets in Resources */ = {isa = PBXBuildFile; fileRef = 02BE94902B0BE2DF00825B3F /* Assets.xcassets */; };
		02BE94942B0BE2DF00825B3F /* Preview Assets.xcassets in Resources */ = {isa = PBXBuildFile; fileRef = 02BE94932B0BE2DF00825B3F /* Preview Assets.xcassets */; };
		02BE949E2B0BE2E000825B3F /* afarTests.swift in Sources */ = {isa = PBXBuildFile; fileRef = 02BE949D2B0BE2E000825B3F /* afarTests.swift */; };
		02BE94A82B0BE2E000825B3F /* afarUITests.swift in Sources */ = {isa = PBXBuildFile; fileRef = 02BE94A72B0BE2E000825B3F /* afarUITests.swift */; };
		02BE94AA2B0BE2E000825B3F /* afarUITestsLaunchTests.swift in Sources */ = {isa = PBXBuildFile; fileRef = 02BE94A92B0BE2E000825B3F /* afarUITestsLaunchTests.swift */; };
/* End PBXBuildFile section */

/* Begin PBXContainerItemProxy section */
		02BE949A2B0BE2E000825B3F /* PBXContainerItemProxy */ = {
			isa = PBXContainerItemProxy;
			containerPortal = 02BE94812B0BE2D800825B3F /* Project object */;
			proxyType = 1;
			remoteGlobalIDString = 02BE94882B0BE2D800825B3F;
			remoteInfo = afar;
		};
		02BE94A42B0BE2E000825B3F /* PBXContainerItemProxy */ = {
			isa = PBXContainerItemProxy;
			containerPortal = 02BE94812B0BE2D800825B3F /* Project object */;
			proxyType = 1;
			remoteGlobalIDString = 02BE94882B0BE2D800825B3F;
			remoteInfo = afar;
		};
/* End PBXContainerItemProxy section */

/* Begin PBXFileReference section */
		02BE94892B0BE2D800825B3F /* afar.app */ = {isa = PBXFileReference; explicitFileType = wrapper.application; includeInIndex = 0; path = afar.app; sourceTree = BUILT_PRODUCTS_DIR; };
		02BE948C2B0BE2D800825B3F /* afarApp.swift */ = {isa = PBXFileReference; lastKnownFileType = sourcecode.swift; path = afarApp.swift; sourceTree = "<group>"; };
		02BE948E2B0BE2D800825B3F /* ContentView.swift */ = {isa = PBXFileReference; lastKnownFileType = sourcecode.swift; path = ContentView.swift; sourceTree = "<group>"; };
		02BE94902B0BE2DF00825B3F /* Assets.xcassets */ = {isa = PBXFileReference; lastKnownFileType = folder.assetcatalog; path = Assets.xcassets; sourceTree = "<group>"; };
		02BE94932B0BE2DF00825B3F /* Preview Assets.xcassets */ = {isa = PBXFileReference; lastKnownFileType = folder.assetcatalog; path = "Preview Assets.xcassets"; sourceTree = "<group>"; };
		02BE94992B0BE2E000825B3F /* afarTests.xctest */ = {isa = PBXFileReference; explicitFileType = wrapper.cfbundle; includeInIndex = 0; path = afarTests.xctest; sourceTree = BUILT_PRODUCTS_DIR; };
		02BE949D2B0BE2E000825B3F /* afarTests.swift */ = {isa = PBXFileReference; lastKnownFileType = sourcecode.swift; path = afarTests.swift; sourceTree = "<group>"; };
		02BE94A32B0BE2E000825B3F /* afarUITests.xctest */ = {isa = PBXFileReference; explicitFileType = wrapper.cfbundle; includeInIndex = 0; path = afarUITests.xctest; sourceTree = BUILT_PRODUCTS_DIR; };
		02BE94A72B0BE2E000825B3F /* afarUITests.swift */ = {isa = PBXFileReference; lastKnownFileType = sourcecode.swift; path = afarUITests.swift; sourceTree = "<group>"; };
		02BE94A92B0BE2E000825B3F /* afarUITestsLaunchTests.swift */ = {isa = PBXFileReference; lastKnownFileType = sourcecode.swift; path = afarUITestsLaunchTests.swift; sourceTree = "<group>"; };
/* End PBXFileReference section */

/* Begin PBXFrameworksBuildPhase section */
		02BE94862B0BE2D800825B3F /* Frameworks */ = {
			isa = PBXFrameworksBuildPhase;
			buildActionMask = 2147483647;
			files = (
			);
			runOnlyForDeploymentPostprocessing = 0;
		};
		02BE94962B0BE2E000825B3F /* Frameworks */ = {
			isa = PBXFrameworksBuildPhase;
			buildActionMask = 2147483647;
			files = (
			);
			runOnlyForDeploymentPostprocessing = 0;
		};
		02BE94A02B0BE2E000825B3F /* Frameworks */ = {
			isa = PBXFrameworksBuildPhase;
			buildActionMask = 2147483647;
			files = (
			);
			runOnlyForDeploymentPostprocessing = 0;
		};
/* End PBXFrameworksBuildPhase section */

/* Begin PBXGroup section */
		02BE94802B0BE2D800825B3F = {
			isa = PBXGroup;
			children = (
				02BE948B2B0BE2D800825B3F /* afar */,
				02BE949C2B0BE2E000825B3F /* afarTests */,
				02BE94A62B0BE2E000825B3F /* afarUITests */,
				02BE948A2B0BE2D800825B3F /* Products */,
			);
			sourceTree = "<group>";
		};
		02BE948A2B0BE2D800825B3F /* Products */ = {
			isa = PBXGroup;
			children = (
				02BE94892B0BE2D800825B3F /* afar.app */,
				02BE94992B0BE2E000825B3F /* afarTests.xctest */,
				02BE94A32B0BE2E000825B3F /* afarUITests.xctest */,
			);
			name = Products;
			sourceTree = "<group>";
		};
		02BE948B2B0BE2D800825B3F /* afar */ = {
			isa = PBXGroup;
			children = (
				02BE948C2B0BE2D800825B3F /* afarApp.swift */,
				02BE948E2B0BE2D800825B3F /* ContentView.swift */,
				02BE94902B0BE2DF00825B3F /* Assets.xcassets */,
				02BE94922B0BE2DF00825B3F /* Preview Content */,
			);
			path = afar;
			sourceTree = "<group>";
		};
		02BE94922B0BE2DF00825B3F /* Preview Content */ = {
			isa = PBXGroup;
			children = (
				02BE94932B0BE2DF00825B3F /* Preview Assets.xcassets */,
			);
			path = "Preview Content";
			sourceTree = "<group>";
		};
		02BE949C2B0BE2E000825B3F /* afarTests */ = {
			isa = PBXGroup;
			children = (
				02BE949D2B0BE2E000825B3F /* afarTests.swift */,
			);
			path = afarTests;
			sourceTree = "<group>";
		};
		02BE94A62B0BE2E000825B3F /* afarUITests */ = {
			isa = PBXGroup;
			children = (
				02BE94A72B0BE2E000825B3F /* afarUITests.swift */,
				02BE94A92B0BE2E000825B3F /* afarUITestsLaunchTests.swift */,
			);
			path = afarUITests;
			sourceTree = "<group>";
		};
/* End PBXGroup section */

/* Begin PBXNativeTarget section */
		02BE94882B0BE2D800825B3F /* afar */ = {
			isa = PBXNativeTarget;
			buildConfigurationList = 02BE94AD2B0BE2E000825B3F /* Build configuration list for PBXNativeTarget "afar" */;
			buildPhases = (
				02BE94852B0BE2D800825B3F /* Sources */,
				02BE94862B0BE2D800825B3F /* Frameworks */,
				02BE94872B0BE2D800825B3F /* Resources */,
			);
			buildRules = (
			);
			dependencies = (
			);
			name = afar;
			productName = afar;
			productReference = 02BE94892B0BE2D800825B3F /* afar.app */;
			productType = "com.apple.product-type.application";
		};
		02BE94982B0BE2E000825B3F /* afarTests */ = {
			isa = PBXNativeTarget;
			buildConfigurationList = 02BE94B02B0BE2E000825B3F /* Build configuration list for PBXNativeTarget "afarTests" */;
			buildPhases = (
				02BE94952B0BE2E000825B3F /* Sources */,
				02BE94962B0BE2E000825B3F /* Frameworks */,
				02BE94972B0BE2E000825B3F /* Resources */,
			);
			buildRules = (
			);
			dependencies = (
				02BE949B2B0BE2E000825B3F /* PBXTargetDependency */,
			);
			name = afarTests;
			productName = afarTests;
			productReference = 02BE94992B0BE2E000825B3F /* afarTests.xctest */;
			productType = "com.apple.product-type.bundle.unit-test";
		};
		02BE94A22B0BE2E000825B3F /* afarUITests */ = {
			isa = PBXNativeTarget;
			buildConfigurationList = 02BE94B32B0BE2E000825B3F /* Build configuration list for PBXNativeTarget "afarUITests" */;
			buildPhases = (
				02BE949F2B0BE2E000825B3F /* Sources */,
				02BE94A02B0BE2E000825B3F /* Frameworks */,
				02BE94A12B0BE2E000825B3F /* Resources */,
			);
			buildRules = (
			);
			dependencies = (
				02BE94A52B0BE2E000825B3F /* PBXTargetDependency */,
			);
			name = afarUITests;
			productName = afarUITests;
			productReference = 02BE94A32B0BE2E000825B3F /* afarUITests.xctest */;
			productType = "com.apple.product-type.bundle.ui-testing";
		};
/* End PBXNativeTarget section */

/* Begin PBXProject section */
		02BE94812B0BE2D800825B3F /* Project object */ = {
			isa = PBXProject;
			attributes = {
				BuildIndependentTargetsInParallel = 1;
				LastSwiftUpdateCheck = 1500;
				LastUpgradeCheck = 1500;
				TargetAttributes = {
					02BE94882B0BE2D800825B3F = {
						CreatedOnToolsVersion = 15.0;
					};
					02BE94982B0BE2E000825B3F = {
						CreatedOnToolsVersion = 15.0;
						TestTargetID = 02BE94882B0BE2D800825B3F;
					};
					02BE94A22B0BE2E000825B3F = {
						CreatedOnToolsVersion = 15.0;
						TestTargetID = 02BE94882B0BE2D800825B3F;
					};
				};
			};
			buildConfigurationList = 02BE94842B0BE2D800825B3F /* Build configuration list for PBXProject "afar" */;
			compatibilityVersion = "Xcode 14.0";
			developmentRegion = en;
			hasScannedForEncodings = 0;
			knownRegions = (
				en,
				Base,
			);
			mainGroup = 02BE94802B0BE2D800825B3F;
			productRefGroup = 02BE948A2B0BE2D800825B3F /* Products */;
			projectDirPath = "";
			projectRoot = "";
			targets = (
				02BE94882B0BE2D800825B3F /* afar */,
				02BE94982B0BE2E000825B3F /* afarTests */,
				02BE94A22B0BE2E000825B3F /* afarUITests */,
			);
		};
/* End PBXProject section */

/* Begin PBXResourcesBuildPhase section */
		02BE94872B0BE2D800825B3F /* Resources */ = {
			isa = PBXResourcesBuildPhase;
			buildActionMask = 2147483647;
			files = (
				02BE94942B0BE2DF00825B3F /* Preview Assets.xcassets in Resources */,
				02BE94912B0BE2DF00825B3F /* Assets.xcassets in Resources */,
			);
			runOnlyForDeploymentPostprocessing = 0;
		};
		02BE94972B0BE2E000825B3F /* Resources */ = {
			isa = PBXResourcesBuildPhase;
			buildActionMask = 2147483647;
			files = (
			);
			runOnlyForDeploymentPostprocessing = 0;
		};
		02BE94A12B0BE2E000825B3F /* Resources */ = {
			isa = PBXResourcesBuildPhase;
			buildActionMask = 2147483647;
			files = (
			);
			runOnlyForDeploymentPostprocessing = 0;
		};
/* End PBXResourcesBuildPhase section */

/* Begin PBXSourcesBuildPhase section */
		02BE94852B0BE2D800825B3F /* Sources */ = {
			isa = PBXSourcesBuildPhase;
			buildActionMask = 2147483647;
			files = (
				02BE948F2B0BE2D800825B3F /* ContentView.swift in Sources */,
				02BE948D2B0BE2D800825B3F /* afarApp.swift in Sources */,
			);
			runOnlyForDeploymentPostprocessing = 0;
		};
		02BE94952B0BE2E000825B3F /* Sources */ = {
			isa = PBXSourcesBuildPhase;
			buildActionMask = 2147483647;
			files = (
				02BE949E2B0BE2E000825B3F /* afarTests.swift in Sources */,
			);
			runOnlyForDeploymentPostprocessing = 0;
		};
		02BE949F2B0BE2E000825B3F /* Sources */ = {
			isa = PBXSourcesBuildPhase;
			buildActionMask = 2147483647;
			files = (
				02BE94AA2B0BE2E000825B3F /* afarUITestsLaunchTests.swift in Sources */,
				02BE94A82B0BE2E000825B3F /* afarUITests.swift in Sources */,
			);
			runOnlyForDeploymentPostprocessing = 0;
		};
/* End PBXSourcesBuildPhase section */

/* Begin PBXTargetDependency section */
		02BE949B2B0BE2E000825B3F /* PBXTargetDependency */ = {
			isa = PBXTargetDependency;
			target = 02BE94882B0BE2D800825B3F /* afar */;
			targetProxy = 02BE949A2B0BE2E000825B3F /* PBXContainerItemProxy */;
		};
		02BE94A52B0BE2E000825B3F /* PBXTargetDependency */ = {
			isa = PBXTargetDependency;
			target = 02BE94882B0BE2D800825B3F /* afar */;
			targetProxy = 02BE94A42B0BE2E000825B3F /* PBXContainerItemProxy */;
		};
/* End PBXTargetDependency section */

/* Begin XCBuildConfiguration section */
		02BE94AB2B0BE2E000825B3F /* Debug */ = {
			isa = XCBuildConfiguration;
			buildSettings = {
				ALWAYS_SEARCH_USER_PATHS = NO;
				ASSETCATALOG_COMPILER_GENERATE_SWIFT_ASSET_SYMBOL_EXTENSIONS = YES;
				CLANG_ANALYZER_NONNULL = YES;
				CLANG_ANALYZER_NUMBER_OBJECT_CONVERSION = YES_AGGRESSIVE;
				CLANG_CXX_LANGUAGE_STANDARD = "gnu++20";
				CLANG_ENABLE_MODULES = YES;
				CLANG_ENABLE_OBJC_ARC = YES;
				CLANG_ENABLE_OBJC_WEAK = YES;
				CLANG_WARN_BLOCK_CAPTURE_AUTORELEASING = YES;
				CLANG_WARN_BOOL_CONVERSION = YES;
				CLANG_WARN_COMMA = YES;
				CLANG_WARN_CONSTANT_CONVERSION = YES;
				CLANG_WARN_DEPRECATED_OBJC_IMPLEMENTATIONS = YES;
				CLANG_WARN_DIRECT_OBJC_ISA_USAGE = YES_ERROR;
				CLANG_WARN_DOCUMENTATION_COMMENTS = YES;
				CLANG_WARN_EMPTY_BODY = YES;
				CLANG_WARN_ENUM_CONVERSION = YES;
				CLANG_WARN_INFINITE_RECURSION = YES;
				CLANG_WARN_INT_CONVERSION = YES;
				CLANG_WARN_NON_LITERAL_NULL_CONVERSION = YES;
				CLANG_WARN_OBJC_IMPLICIT_RETAIN_SELF = YES;
				CLANG_WARN_OBJC_LITERAL_CONVERSION = YES;
				CLANG_WARN_OBJC_ROOT_CLASS = YES_ERROR;
				CLANG_WARN_QUOTED_INCLUDE_IN_FRAMEWORK_HEADER = YES;
				CLANG_WARN_RANGE_LOOP_ANALYSIS = YES;
				CLANG_WARN_STRICT_PROTOTYPES = YES;
				CLANG_WARN_SUSPICIOUS_MOVE = YES;
				CLANG_WARN_UNGUARDED_AVAILABILITY = YES_AGGRESSIVE;
				CLANG_WARN_UNREACHABLE_CODE = YES;
				CLANG_WARN__DUPLICATE_METHOD_MATCH = YES;
				COPY_PHASE_STRIP = NO;
				DEBUG_INFORMATION_FORMAT = dwarf;
				ENABLE_STRICT_OBJC_MSGSEND = YES;
				ENABLE_TESTABILITY = YES;
				ENABLE_USER_SCRIPT_SANDBOXING = YES;
				GCC_C_LANGUAGE_STANDARD = gnu17;
				GCC_DYNAMIC_NO_PIC = NO;
				GCC_NO_COMMON_BLOCKS = YES;
				GCC_OPTIMIZATION_LEVEL = 0;
				GCC_PREPROCESSOR_DEFINITIONS = (
					"DEBUG=1",
					"$(inherited)",
				);
				GCC_WARN_64_TO_32_BIT_CONVERSION = YES;
				GCC_WARN_ABOUT_RETURN_TYPE = YES_ERROR;
				GCC_WARN_UNDECLARED_SELECTOR = YES;
				GCC_WARN_UNINITIALIZED_AUTOS = YES_AGGRESSIVE;
				GCC_WARN_UNUSED_FUNCTION = YES;
				GCC_WARN_UNUSED_VARIABLE = YES;
				IPHONEOS_DEPLOYMENT_TARGET = 17.0;
				LOCALIZATION_PREFERS_STRING_CATALOGS = YES;
				MTL_ENABLE_DEBUG_INFO = INCLUDE_SOURCE;
				MTL_FAST_MATH = YES;
				ONLY_ACTIVE_ARCH = YES;
				SDKROOT = iphoneos;
				SWIFT_ACTIVE_COMPILATION_CONDITIONS = "DEBUG $(inherited)";
				SWIFT_OPTIMIZATION_LEVEL = "-Onone";
			};
			name = Debug;
		};
		02BE94AC2B0BE2E000825B3F /* Release */ = {
			isa = XCBuildConfiguration;
			buildSettings = {
				ALWAYS_SEARCH_USER_PATHS = NO;
				ASSETCATALOG_COMPILER_GENERATE_SWIFT_ASSET_SYMBOL_EXTENSIONS = YES;
				CLANG_ANALYZER_NONNULL = YES;
				CLANG_ANALYZER_NUMBER_OBJECT_CONVERSION = YES_AGGRESSIVE;
				CLANG_CXX_LANGUAGE_STANDARD = "gnu++20";
				CLANG_ENABLE_MODULES = YES;
				CLANG_ENABLE_OBJC_ARC = YES;
				CLANG_ENABLE_OBJC_WEAK = YES;
				CLANG_WARN_BLOCK_CAPTURE_AUTORELEASING = YES;
				CLANG_WARN_BOOL_CONVERSION = YES;
				CLANG_WARN_COMMA = YES;
				CLANG_WARN_CONSTANT_CONVERSION = YES;
				CLANG_WARN_DEPRECATED_OBJC_IMPLEMENTATIONS = YES;
				CLANG_WARN_DIRECT_OBJC_ISA_USAGE = YES_ERROR;
				CLANG_WARN_DOCUMENTATION_COMMENTS = YES;
				CLANG_WARN_EMPTY_BODY = YES;
				CLANG_WARN_ENUM_CONVERSION = YES;
				CLANG_WARN_INFINITE_RECURSION = YES;
				CLANG_WARN_INT_CONVERSION = YES;
				CLANG_WARN_NON_LITERAL_NULL_CONVERSION = YES;
				CLANG_WARN_OBJC_IMPLICIT_RETAIN_SELF = YES;
				CLANG_WARN_OBJC_LITERAL_CONVERSION = YES;
				CLANG_WARN_OBJC_ROOT_CLASS = YES_ERROR;
				CLANG_WARN_QUOTED_INCLUDE_IN_FRAMEWORK_HEADER = YES;
				CLANG_WARN_RANGE_LOOP_ANALYSIS = YES;
				CLANG_WARN_STRICT_PROTOTYPES = YES;
				CLANG_WARN_SUSPICIOUS_MOVE = YES;
				CLANG_WARN_UNGUARDED_AVAILABILITY = YES_AGGRESSIVE;
				CLANG_WARN_UNREACHABLE_CODE = YES;
				CLANG_WARN__DUPLICATE_METHOD_MATCH = YES;
				COPY_PHASE_STRIP = NO;
				DEBUG_INFORMATION_FORMAT = "dwarf-with-dsym";
				ENABLE_NS_ASSERTIONS = NO;
				ENABLE_STRICT_OBJC_MSGSEND = YES;
				ENABLE_USER_SCRIPT_SANDBOXING = YES;
				GCC_C_LANGUAGE_STANDARD = gnu17;
				GCC_NO_COMMON_BLOCKS = YES;
				GCC_WARN_64_TO_32_BIT_CONVERSION = YES;
				GCC_WARN_ABOUT_RETURN_TYPE = YES_ERROR;
				GCC_WARN_UNDECLARED_SELECTOR = YES;
				GCC_WARN_UNINITIALIZED_AUTOS = YES_AGGRESSIVE;
				GCC_WARN_UNUSED_FUNCTION = YES;
				GCC_WARN_UNUSED_VARIABLE = YES;
				IPHONEOS_DEPLOYMENT_TARGET = 17.0;
				LOCALIZATION_PREFERS_STRING_CATALOGS = YES;
				MTL_ENABLE_DEBUG_INFO = NO;
				MTL_FAST_MATH = YES;
				SDKROOT = iphoneos;
				SWIFT_COMPILATION_MODE = wholemodule;
				VALIDATE_PRODUCT = YES;
			};
			name = Release;
		};
		02BE94AE2B0BE2E000825B3F /* Debug */ = {
			isa = XCBuildConfiguration;
			buildSettings = {
				ASSETCATALOG_COMPILER_APPICON_NAME = AppIcon;
				ASSETCATALOG_COMPILER_GLOBAL_ACCENT_COLOR_NAME = AccentColor;
				CODE_SIGN_STYLE = Automatic;
				CURRENT_PROJECT_VERSION = 1;
				DEVELOPMENT_ASSET_PATHS = "\"afar/Preview Content\"";
				DEVELOPMENT_TEAM = A7866ML8HN;
				ENABLE_PREVIEWS = YES;
				GENERATE_INFOPLIST_FILE = YES;
				INFOPLIST_KEY_UIApplicationSceneManifest_Generation = YES;
				INFOPLIST_KEY_UIApplicationSupportsIndirectInputEvents = YES;
				INFOPLIST_KEY_UILaunchScreen_Generation = YES;
				INFOPLIST_KEY_UISupportedInterfaceOrientations_iPad = "UIInterfaceOrientationPortrait UIInterfaceOrientationPortraitUpsideDown UIInterfaceOrientationLandscapeLeft UIInterfaceOrientationLandscapeRight";
				INFOPLIST_KEY_UISupportedInterfaceOrientations_iPhone = "UIInterfaceOrientationPortrait UIInterfaceOrientationLandscapeLeft UIInterfaceOrientationLandscapeRight";
				LD_RUNPATH_SEARCH_PATHS = (
					"$(inherited)",
					"@executable_path/Frameworks",
				);
				MARKETING_VERSION = 1.0;
				PRODUCT_BUNDLE_IDENTIFIER = afar.afar;
				PRODUCT_NAME = "$(TARGET_NAME)";
				SWIFT_EMIT_LOC_STRINGS = YES;
				SWIFT_VERSION = 5.0;
				TARGETED_DEVICE_FAMILY = "1,2";
			};
			name = Debug;
		};
		02BE94AF2B0BE2E000825B3F /* Release */ = {
			isa = XCBuildConfiguration;
			buildSettings = {
				ASSETCATALOG_COMPILER_APPICON_NAME = AppIcon;
				ASSETCATALOG_COMPILER_GLOBAL_ACCENT_COLOR_NAME = AccentColor;
				CODE_SIGN_STYLE = Automatic;
				CURRENT_PROJECT_VERSION = 1;
				DEVELOPMENT_ASSET_PATHS = "\"afar/Preview Content\"";
				DEVELOPMENT_TEAM = A7866ML8HN;
				ENABLE_PREVIEWS = YES;
				GENERATE_INFOPLIST_FILE = YES;
				INFOPLIST_KEY_UIApplicationSceneManifest_Generation = YES;
				INFOPLIST_KEY_UIApplicationSupportsIndirectInputEvents = YES;
				INFOPLIST_KEY_UILaunchScreen_Generation = YES;
				INFOPLIST_KEY_UISupportedInterfaceOrientations_iPad = "UIInterfaceOrientationPortrait UIInterfaceOrientationPortraitUpsideDown UIInterfaceOrientationLandscapeLeft UIInterfaceOrientationLandscapeRight";
				INFOPLIST_KEY_UISupportedInterfaceOrientations_iPhone = "UIInterfaceOrientationPortrait UIInterfaceOrientationLandscapeLeft UIInterfaceOrientationLandscapeRight";
				LD_RUNPATH_SEARCH_PATHS = (
					"$(inherited)",
					"@executable_path/Frameworks",
				);
				MARKETING_VERSION = 1.0;
				PRODUCT_BUNDLE_IDENTIFIER = afar.afar;
				PRODUCT_NAME = "$(TARGET_NAME)";
				SWIFT_EMIT_LOC_STRINGS = YES;
				SWIFT_VERSION = 5.0;
				TARGETED_DEVICE_FAMILY = "1,2";
			};
			name = Release;
		};
		02BE94B12B0BE2E000825B3F /* Debug */ = {
			isa = XCBuildConfiguration;
			buildSettings = {
				ALWAYS_EMBED_SWIFT_STANDARD_LIBRARIES = YES;
				BUNDLE_LOADER = "$(TEST_HOST)";
				CODE_SIGN_STYLE = Automatic;
				CURRENT_PROJECT_VERSION = 1;
				DEVELOPMENT_TEAM = A7866ML8HN;
				GENERATE_INFOPLIST_FILE = YES;
				IPHONEOS_DEPLOYMENT_TARGET = 17.0;
				MARKETING_VERSION = 1.0;
				PRODUCT_BUNDLE_IDENTIFIER = afar.afarTests;
				PRODUCT_NAME = "$(TARGET_NAME)";
				SWIFT_EMIT_LOC_STRINGS = NO;
				SWIFT_VERSION = 5.0;
				TARGETED_DEVICE_FAMILY = "1,2";
				TEST_HOST = "$(BUILT_PRODUCTS_DIR)/afar.app/$(BUNDLE_EXECUTABLE_FOLDER_PATH)/afar";
			};
			name = Debug;
		};
		02BE94B22B0BE2E000825B3F /* Release */ = {
			isa = XCBuildConfiguration;
			buildSettings = {
				ALWAYS_EMBED_SWIFT_STANDARD_LIBRARIES = YES;
				BUNDLE_LOADER = "$(TEST_HOST)";
				CODE_SIGN_STYLE = Automatic;
				CURRENT_PROJECT_VERSION = 1;
				DEVELOPMENT_TEAM = A7866ML8HN;
				GENERATE_INFOPLIST_FILE = YES;
				IPHONEOS_DEPLOYMENT_TARGET = 17.0;
				MARKETING_VERSION = 1.0;
				PRODUCT_BUNDLE_IDENTIFIER = afar.afarTests;
				PRODUCT_NAME = "$(TARGET_NAME)";
				SWIFT_EMIT_LOC_STRINGS = NO;
				SWIFT_VERSION = 5.0;
				TARGETED_DEVICE_FAMILY = "1,2";
				TEST_HOST = "$(BUILT_PRODUCTS_DIR)/afar.app/$(BUNDLE_EXECUTABLE_FOLDER_PATH)/afar";
			};
			name = Release;
		};
		02BE94B42B0BE2E000825B3F /* Debug */ = {
			isa = XCBuildConfiguration;
			buildSettings = {
				ALWAYS_EMBED_SWIFT_STANDARD_LIBRARIES = YES;
				CODE_SIGN_STYLE = Automatic;
				CURRENT_PROJECT_VERSION = 1;
				DEVELOPMENT_TEAM = A7866ML8HN;
				GENERATE_INFOPLIST_FILE = YES;
				MARKETING_VERSION = 1.0;
				PRODUCT_BUNDLE_IDENTIFIER = afar.afarUITests;
				PRODUCT_NAME = "$(TARGET_NAME)";
				SWIFT_EMIT_LOC_STRINGS = NO;
				SWIFT_VERSION = 5.0;
				TARGETED_DEVICE_FAMILY = "1,2";
				TEST_TARGET_NAME = afar;
			};
			name = Debug;
		};
		02BE94B52B0BE2E000825B3F /* Release */ = {
			isa = XCBuildConfiguration;
			buildSettings = {
				ALWAYS_EMBED_SWIFT_STANDARD_LIBRARIES = YES;
				CODE_SIGN_STYLE = Automatic;
				CURRENT_PROJECT_VERSION = 1;
				DEVELOPMENT_TEAM = A7866ML8HN;
				GENERATE_INFOPLIST_FILE = YES;
				MARKETING_VERSION = 1.0;
				PRODUCT_BUNDLE_IDENTIFIER = afar.afarUITests;
				PRODUCT_NAME = "$(TARGET_NAME)";
				SWIFT_EMIT_LOC_STRINGS = NO;
				SWIFT_VERSION = 5.0;
				TARGETED_DEVICE_FAMILY = "1,2";
				TEST_TARGET_NAME = afar;
			};
			name = Release;
		};
/* End XCBuildConfiguration section */

/* Begin XCConfigurationList section */
		02BE94842B0BE2D800825B3F /* Build configuration list for PBXProject "afar" */ = {
			isa = XCConfigurationList;
			buildConfigurations = (
				02BE94AB2B0BE2E000825B3F /* Debug */,
				02BE94AC2B0BE2E000825B3F /* Release */,
			);
			defaultConfigurationIsVisible = 0;
			defaultConfigurationName = Release;
		};
		02BE94AD2B0BE2E000825B3F /* Build configuration list for PBXNativeTarget "afar" */ = {
			isa = XCConfigurationList;
			buildConfigurations = (
				02BE94AE2B0BE2E000825B3F /* Debug */,
				02BE94AF2B0BE2E000825B3F /* Release */,
			);
			defaultConfigurationIsVisible = 0;
			defaultConfigurationName = Release;
		};
		02BE94B02B0BE2E000825B3F /* Build configuration list for PBXNativeTarget "afarTests" */ = {
			isa = XCConfigurationList;
			buildConfigurations = (
				02BE94B12B0BE2E000825B3F /* Debug */,
				02BE94B22B0BE2E000825B3F /* Release */,
			);
			defaultConfigurationIsVisible = 0;
			defaultConfigurationName = Release;
		};
		02BE94B32B0BE2E000825B3F /* Build configuration list for PBXNativeTarget "afarUITests" */ = {
			isa = XCConfigurationList;
			buildConfigurations = (
				02BE94B42B0BE2E000825B3F /* Debug */,
				02BE94B52B0BE2E000825B3F /* Release */,
			);
			defaultConfigurationIsVisible = 0;
			defaultConfigurationName = Release;
		};
/* End XCConfigurationList section */
	};
	rootObject = 02BE94812B0BE2D800825B3F /* Project object */;
}
